
Microsoft Visual Studio Solution File, Format Version 12.00
# Visual Studio 14
VisualStudioVersion = 14.0.25420.1
MinimumVisualStudioVersion = 10.0.40219.1
Project("{FAE04EC0-301F-11D3-BF4B-00C04F79EFBC}") = "Day2", "ConsoleApplication1\Day2.csproj", "{4C16D86C-4F65-405D-883B-9EAF4FD003F6}"
EndProject
Project("{FAE04EC0-301F-11D3-BF4B-00C04F79EFBC}") = "WorkshopB", "ConsoleApplication2\WorkshopB.csproj", "{3B2208F9-2B6F-4A98-98B0-E1766F32022D}"
EndProject
Global
	GlobalSection(SolutionConfigurationPlatforms) = preSolution
		Debug|Any CPU = Debug|Any CPU
		Release|Any CPU = Release|Any CPU
	EndGlobalSection
	GlobalSection(ProjectConfigurationPlatforms) = postSolution
		{4C16D86C-4F65-405D-883B-9EAF4FD003F6}.Debug|Any CPU.ActiveCfg = Debug|Any CPU
		{4C16D86C-4F65-405D-883B-9EAF4FD003F6}.Debug|Any CPU.Build.0 = Debug|Any CPU
		{4C16D86C-4F65-405D-883B-9EAF4FD003F6}.Release|Any CPU.ActiveCfg = Release|Any CPU
		{4C16D86C-4F65-405D-883B-9EAF4FD003F6}.Release|Any CPU.Build.0 = Release|Any CPU
		{3B2208F9-2B6F-4A98-98B0-E1766F32022D}.Debug|Any CPU.ActiveCfg = Debug|Any CPU
		{3B2208F9-2B6F-4A98-98B0-E1766F32022D}.Debug|Any CPU.Build.0 = Debug|Any CPU
		{3B2208F9-2B6F-4A98-98B0-E1766F32022D}.Release|Any CPU.ActiveCfg = Release|Any CPU
		{3B2208F9-2B6F-4A98-98B0-E1766F32022D}.Release|Any CPU.Build.0 = Release|Any CPU
	EndGlobalSection
	GlobalSection(SolutionProperties) = preSolution
		HideSolutionNode = FALSE
	EndGlobalSection
EndGlobal
